
Microsoft Visual Studio Solution File, Format Version 12.00
# Visual Studio Version 17
VisualStudioVersion = 17.11.35312.102
MinimumVisualStudioVersion = 10.0.40219.1
Project("{FAE04EC0-301F-11D3-BF4B-00C04F79EFBC}") = "Nasdaq_Vergi_Hesaplama", "Nasdaq_Vergi_Hesaplama\Nasdaq_Vergi_Hesaplama.csproj", "{6793EC59-1D8E-45AD-BE0C-3551990E3FAE}"
EndProject
Global
	GlobalSection(SolutionConfigurationPlatforms) = preSolution
		Debug|Any CPU = Debug|Any CPU
		Release|Any CPU = Release|Any CPU
	EndGlobalSection
	GlobalSection(ProjectConfigurationPlatforms) = postSolution
		{6793EC59-1D8E-45AD-BE0C-3551990E3FAE}.Debug|Any CPU.ActiveCfg = Debug|Any CPU
		{6793EC59-1D8E-45AD-BE0C-3551990E3FAE}.Debug|Any CPU.Build.0 = Debug|Any CPU
		{6793EC59-1D8E-45AD-BE0C-3551990E3FAE}.Release|Any CPU.ActiveCfg = Release|Any CPU
		{6793EC59-1D8E-45AD-BE0C-3551990E3FAE}.Release|Any CPU.Build.0 = Release|Any CPU
	EndGlobalSection
	GlobalSection(SolutionProperties) = preSolution
		HideSolutionNode = FALSE
	EndGlobalSection
	GlobalSection(ExtensibilityGlobals) = postSolution
		SolutionGuid = {EBCB2040-0190-4739-B18E-7B0445B71DDC}
	EndGlobalSection
EndGlobal
